
Microsoft Visual Studio Solution File, Format Version 12.00
# Visual Studio 2013
VisualStudioVersion = 12.0.21005.1
MinimumVisualStudioVersion = 10.0.40219.1
Project("{FAE04EC0-301F-11D3-BF4B-00C04F79EFBC}") = "FinalUi", "FinalUi\FinalUi.csproj", "{6F0304C3-E288-422E-A3B7-042E1B7D3686}"
EndProject
Project("{FAE04EC0-301F-11D3-BF4B-00C04F79EFBC}") = "UtilityProject", "UtilityProject\UtilityProject.csproj", "{3993D14B-CA77-45D6-9F3A-C8DCC6B34697}"
EndProject
Project("{6141683F-8A12-4E36-9623-2EB02B2C2303}") = "Vortex", "Vortex\Vortex.isproj", "{001EDF66-5DEA-45A0-96C5-79799806B389}"
EndProject
Global
	GlobalSection(SolutionConfigurationPlatforms) = preSolution
		CD_ROM|Any CPU = CD_ROM|Any CPU
		Debug|Any CPU = Debug|Any CPU
		DVD-5|Any CPU = DVD-5|Any CPU
		Release|Any CPU = Release|Any CPU
		SingleImage|Any CPU = SingleImage|Any CPU
	EndGlobalSection
	GlobalSection(ProjectConfigurationPlatforms) = postSolution
		{6F0304C3-E288-422E-A3B7-042E1B7D3686}.CD_ROM|Any CPU.ActiveCfg = Release|Any CPU
		{6F0304C3-E288-422E-A3B7-042E1B7D3686}.CD_ROM|Any CPU.Build.0 = Release|Any CPU
		{6F0304C3-E288-422E-A3B7-042E1B7D3686}.Debug|Any CPU.ActiveCfg = Debug|Any CPU
		{6F0304C3-E288-422E-A3B7-042E1B7D3686}.Debug|Any CPU.Build.0 = Debug|Any CPU
		{6F0304C3-E288-422E-A3B7-042E1B7D3686}.DVD-5|Any CPU.ActiveCfg = Debug|Any CPU
		{6F0304C3-E288-422E-A3B7-042E1B7D3686}.DVD-5|Any CPU.Build.0 = Debug|Any CPU
		{6F0304C3-E288-422E-A3B7-042E1B7D3686}.Release|Any CPU.ActiveCfg = Release|Any CPU
		{6F0304C3-E288-422E-A3B7-042E1B7D3686}.Release|Any CPU.Build.0 = Release|Any CPU
		{6F0304C3-E288-422E-A3B7-042E1B7D3686}.SingleImage|Any CPU.ActiveCfg = Release|Any CPU
		{6F0304C3-E288-422E-A3B7-042E1B7D3686}.SingleImage|Any CPU.Build.0 = Release|Any CPU
		{3993D14B-CA77-45D6-9F3A-C8DCC6B34697}.CD_ROM|Any CPU.ActiveCfg = Release|Any CPU
		{3993D14B-CA77-45D6-9F3A-C8DCC6B34697}.CD_ROM|Any CPU.Build.0 = Release|Any CPU
		{3993D14B-CA77-45D6-9F3A-C8DCC6B34697}.Debug|Any CPU.ActiveCfg = Debug|Any CPU
		{3993D14B-CA77-45D6-9F3A-C8DCC6B34697}.Debug|Any CPU.Build.0 = Debug|Any CPU
		{3993D14B-CA77-45D6-9F3A-C8DCC6B34697}.DVD-5|Any CPU.ActiveCfg = Debug|Any CPU
		{3993D14B-CA77-45D6-9F3A-C8DCC6B34697}.DVD-5|Any CPU.Build.0 = Debug|Any CPU
		{3993D14B-CA77-45D6-9F3A-C8DCC6B34697}.Release|Any CPU.ActiveCfg = Release|Any CPU
		{3993D14B-CA77-45D6-9F3A-C8DCC6B34697}.Release|Any CPU.Build.0 = Release|Any CPU
		{3993D14B-CA77-45D6-9F3A-C8DCC6B34697}.Release|Any CPU.Deploy.0 = Release|Any CPU
		{3993D14B-CA77-45D6-9F3A-C8DCC6B34697}.SingleImage|Any CPU.ActiveCfg = Release|Any CPU
		{3993D14B-CA77-45D6-9F3A-C8DCC6B34697}.SingleImage|Any CPU.Build.0 = Release|Any CPU
		{001EDF66-5DEA-45A0-96C5-79799806B389}.CD_ROM|Any CPU.ActiveCfg = CD_ROM
		{001EDF66-5DEA-45A0-96C5-79799806B389}.CD_ROM|Any CPU.Build.0 = CD_ROM
		{001EDF66-5DEA-45A0-96C5-79799806B389}.Debug|Any CPU.ActiveCfg = DVD-5
		{001EDF66-5DEA-45A0-96C5-79799806B389}.Debug|Any CPU.Build.0 = DVD-5
		{001EDF66-5DEA-45A0-96C5-79799806B389}.DVD-5|Any CPU.ActiveCfg = DVD-5
		{001EDF66-5DEA-45A0-96C5-79799806B389}.DVD-5|Any CPU.Build.0 = DVD-5
		{001EDF66-5DEA-45A0-96C5-79799806B389}.Release|Any CPU.ActiveCfg = SingleImage
		{001EDF66-5DEA-45A0-96C5-79799806B389}.Release|Any CPU.Build.0 = SingleImage
		{001EDF66-5DEA-45A0-96C5-79799806B389}.SingleImage|Any CPU.ActiveCfg = SingleImage
		{001EDF66-5DEA-45A0-96C5-79799806B389}.SingleImage|Any CPU.Build.0 = SingleImage
	EndGlobalSection
	GlobalSection(SolutionProperties) = preSolution
		HideSolutionNode = FALSE
	EndGlobalSection
EndGlobal
