
Microsoft Visual Studio Solution File, Format Version 12.00
# Visual Studio 2013
VisualStudioVersion = 12.0.30501.0
MinimumVisualStudioVersion = 10.0.40219.1
Project("{FAE04EC0-301F-11D3-BF4B-00C04F79EFBC}") = "FinalUi", "FinalUi\FinalUi.csproj", "{6F0304C3-E288-422E-A3B7-042E1B7D3686}"
EndProject
Project("{FAE04EC0-301F-11D3-BF4B-00C04F79EFBC}") = "CustomControls", "CustomControls\CustomControls.csproj", "{946A5AA0-1410-4C3A-8BDE-69B9715126EA}"
EndProject
Global
	GlobalSection(SolutionConfigurationPlatforms) = preSolution
		CD_ROM|Any CPU = CD_ROM|Any CPU
		Debug|Any CPU = Debug|Any CPU
		DVD-5|Any CPU = DVD-5|Any CPU
		Release|Any CPU = Release|Any CPU
		SingleImage|Any CPU = SingleImage|Any CPU
	EndGlobalSection
	GlobalSection(ProjectConfigurationPlatforms) = postSolution
		{6F0304C3-E288-422E-A3B7-042E1B7D3686}.CD_ROM|Any CPU.ActiveCfg = Release|Any CPU
		{6F0304C3-E288-422E-A3B7-042E1B7D3686}.CD_ROM|Any CPU.Build.0 = Release|Any CPU
		{6F0304C3-E288-422E-A3B7-042E1B7D3686}.Debug|Any CPU.ActiveCfg = Debug|Any CPU
		{6F0304C3-E288-422E-A3B7-042E1B7D3686}.Debug|Any CPU.Build.0 = Debug|Any CPU
		{6F0304C3-E288-422E-A3B7-042E1B7D3686}.DVD-5|Any CPU.ActiveCfg = Debug|Any CPU
		{6F0304C3-E288-422E-A3B7-042E1B7D3686}.DVD-5|Any CPU.Build.0 = Debug|Any CPU
		{6F0304C3-E288-422E-A3B7-042E1B7D3686}.Release|Any CPU.ActiveCfg = Release|Any CPU
		{6F0304C3-E288-422E-A3B7-042E1B7D3686}.Release|Any CPU.Build.0 = Release|Any CPU
		{6F0304C3-E288-422E-A3B7-042E1B7D3686}.SingleImage|Any CPU.ActiveCfg = Release|Any CPU
		{6F0304C3-E288-422E-A3B7-042E1B7D3686}.SingleImage|Any CPU.Build.0 = Release|Any CPU
		{946A5AA0-1410-4C3A-8BDE-69B9715126EA}.CD_ROM|Any CPU.ActiveCfg = Release|Any CPU
		{946A5AA0-1410-4C3A-8BDE-69B9715126EA}.CD_ROM|Any CPU.Build.0 = Release|Any CPU
		{946A5AA0-1410-4C3A-8BDE-69B9715126EA}.Debug|Any CPU.ActiveCfg = Debug|Any CPU
		{946A5AA0-1410-4C3A-8BDE-69B9715126EA}.Debug|Any CPU.Build.0 = Debug|Any CPU
		{946A5AA0-1410-4C3A-8BDE-69B9715126EA}.DVD-5|Any CPU.ActiveCfg = Debug|Any CPU
		{946A5AA0-1410-4C3A-8BDE-69B9715126EA}.DVD-5|Any CPU.Build.0 = Debug|Any CPU
		{946A5AA0-1410-4C3A-8BDE-69B9715126EA}.Release|Any CPU.ActiveCfg = Release|Any CPU
		{946A5AA0-1410-4C3A-8BDE-69B9715126EA}.Release|Any CPU.Build.0 = Release|Any CPU
		{946A5AA0-1410-4C3A-8BDE-69B9715126EA}.SingleImage|Any CPU.ActiveCfg = Release|Any CPU
		{946A5AA0-1410-4C3A-8BDE-69B9715126EA}.SingleImage|Any CPU.Build.0 = Release|Any CPU
	EndGlobalSection
	GlobalSection(SolutionProperties) = preSolution
		HideSolutionNode = FALSE
	EndGlobalSection
EndGlobal
